
Microsoft Visual Studio Solution File, Format Version 12.00
# Visual Studio Version 17
VisualStudioVersion = 17.13.35931.197 d17.13
MinimumVisualStudioVersion = 10.0.40219.1
Project("{FAE04EC0-301F-11D3-BF4B-00C04F79EFBC}") = "Proyeto", "Proyeto.csproj", "{5D2196A5-8C11-40F6-AD98-ECB7C1FEF951}"
EndProject
Global
	GlobalSection(SolutionConfigurationPlatforms) = preSolution
		Debug|Any CPU = Debug|Any CPU
		Release|Any CPU = Release|Any CPU
	EndGlobalSection
	GlobalSection(ProjectConfigurationPlatforms) = postSolution
		{5D2196A5-8C11-40F6-AD98-ECB7C1FEF951}.Debug|Any CPU.ActiveCfg = Debug|Any CPU
		{5D2196A5-8C11-40F6-AD98-ECB7C1FEF951}.Debug|Any CPU.Build.0 = Debug|Any CPU
		{5D2196A5-8C11-40F6-AD98-ECB7C1FEF951}.Release|Any CPU.ActiveCfg = Release|Any CPU
		{5D2196A5-8C11-40F6-AD98-ECB7C1FEF951}.Release|Any CPU.Build.0 = Release|Any CPU
	EndGlobalSection
	GlobalSection(SolutionProperties) = preSolution
		HideSolutionNode = FALSE
	EndGlobalSection
	GlobalSection(ExtensibilityGlobals) = postSolution
		SolutionGuid = {5F45ED5F-7424-4C25-9059-056D613BDEC2}
	EndGlobalSection
EndGlobal
